
Microsoft Visual Studio Solution File, Format Version 12.00
# Visual Studio 15
VisualStudioVersion = 15.0.27004.2008
MinimumVisualStudioVersion = 10.0.40219.1
Project("{FAE04EC0-301F-11D3-BF4B-00C04F79EFBC}") = "PowerbaseFunctionsTest", "PowerbaseFunctionsTest\PowerbaseFunctionsTest.csproj", "{D63CCD9A-FF03-473D-9DBA-678E82D42EB2}"
EndProject
Project("{FAE04EC0-301F-11D3-BF4B-00C04F79EFBC}") = "UwpGuiTest", "PowerbaseUWPTest\UwpGuiTest.csproj", "{5312877E-EAC9-4404-8978-262D619904F7}"
EndProject
Project("{FAE04EC0-301F-11D3-BF4B-00C04F79EFBC}") = "SlotCarsGo", "SlotCarsGo\SlotCarsGo.csproj", "{D8646AF4-1230-4360-91FD-FD73B22D16EB}"
EndProject
Project("{FAE04EC0-301F-11D3-BF4B-00C04F79EFBC}") = "SlotCarsGo_Server", "SlotCarsGo_Server\SlotCarsGo_Server.csproj", "{3C480194-0B29-4B7C-94D4-EF4302A264A5}"
EndProject
Project("{FAE04EC0-301F-11D3-BF4B-00C04F79EFBC}") = "SlotCarsGo_Server.Tests", "SlotCarsGo_Server.Tests\SlotCarsGo_Server.Tests.csproj", "{A57990AE-8146-4B19-8C14-9CE8AD385781}"
EndProject
Global
	GlobalSection(SolutionConfigurationPlatforms) = preSolution
		Debug|Any CPU = Debug|Any CPU
		Debug|ARM = Debug|ARM
		Debug|x64 = Debug|x64
		Debug|x86 = Debug|x86
		Release|Any CPU = Release|Any CPU
		Release|ARM = Release|ARM
		Release|x64 = Release|x64
		Release|x86 = Release|x86
	EndGlobalSection
	GlobalSection(ProjectConfigurationPlatforms) = postSolution
		{D63CCD9A-FF03-473D-9DBA-678E82D42EB2}.Debug|Any CPU.ActiveCfg = Debug|x86
		{D63CCD9A-FF03-473D-9DBA-678E82D42EB2}.Debug|ARM.ActiveCfg = Debug|ARM
		{D63CCD9A-FF03-473D-9DBA-678E82D42EB2}.Debug|ARM.Build.0 = Debug|ARM
		{D63CCD9A-FF03-473D-9DBA-678E82D42EB2}.Debug|ARM.Deploy.0 = Debug|ARM
		{D63CCD9A-FF03-473D-9DBA-678E82D42EB2}.Debug|x64.ActiveCfg = Debug|x64
		{D63CCD9A-FF03-473D-9DBA-678E82D42EB2}.Debug|x64.Build.0 = Debug|x64
		{D63CCD9A-FF03-473D-9DBA-678E82D42EB2}.Debug|x64.Deploy.0 = Debug|x64
		{D63CCD9A-FF03-473D-9DBA-678E82D42EB2}.Debug|x86.ActiveCfg = Debug|x86
		{D63CCD9A-FF03-473D-9DBA-678E82D42EB2}.Debug|x86.Build.0 = Debug|x86
		{D63CCD9A-FF03-473D-9DBA-678E82D42EB2}.Debug|x86.Deploy.0 = Debug|x86
		{D63CCD9A-FF03-473D-9DBA-678E82D42EB2}.Release|Any CPU.ActiveCfg = Release|x86
		{D63CCD9A-FF03-473D-9DBA-678E82D42EB2}.Release|ARM.ActiveCfg = Release|ARM
		{D63CCD9A-FF03-473D-9DBA-678E82D42EB2}.Release|ARM.Build.0 = Release|ARM
		{D63CCD9A-FF03-473D-9DBA-678E82D42EB2}.Release|ARM.Deploy.0 = Release|ARM
		{D63CCD9A-FF03-473D-9DBA-678E82D42EB2}.Release|x64.ActiveCfg = Release|x64
		{D63CCD9A-FF03-473D-9DBA-678E82D42EB2}.Release|x64.Build.0 = Release|x64
		{D63CCD9A-FF03-473D-9DBA-678E82D42EB2}.Release|x64.Deploy.0 = Release|x64
		{D63CCD9A-FF03-473D-9DBA-678E82D42EB2}.Release|x86.ActiveCfg = Release|x86
		{D63CCD9A-FF03-473D-9DBA-678E82D42EB2}.Release|x86.Build.0 = Release|x86
		{D63CCD9A-FF03-473D-9DBA-678E82D42EB2}.Release|x86.Deploy.0 = Release|x86
		{5312877E-EAC9-4404-8978-262D619904F7}.Debug|Any CPU.ActiveCfg = Debug|Any CPU
		{5312877E-EAC9-4404-8978-262D619904F7}.Debug|Any CPU.Build.0 = Debug|Any CPU
		{5312877E-EAC9-4404-8978-262D619904F7}.Debug|ARM.ActiveCfg = Debug|Any CPU
		{5312877E-EAC9-4404-8978-262D619904F7}.Debug|ARM.Build.0 = Debug|Any CPU
		{5312877E-EAC9-4404-8978-262D619904F7}.Debug|x64.ActiveCfg = Debug|Any CPU
		{5312877E-EAC9-4404-8978-262D619904F7}.Debug|x64.Build.0 = Debug|Any CPU
		{5312877E-EAC9-4404-8978-262D619904F7}.Debug|x86.ActiveCfg = Debug|Any CPU
		{5312877E-EAC9-4404-8978-262D619904F7}.Debug|x86.Build.0 = Debug|Any CPU
		{5312877E-EAC9-4404-8978-262D619904F7}.Release|Any CPU.ActiveCfg = Release|Any CPU
		{5312877E-EAC9-4404-8978-262D619904F7}.Release|Any CPU.Build.0 = Release|Any CPU
		{5312877E-EAC9-4404-8978-262D619904F7}.Release|ARM.ActiveCfg = Release|Any CPU
		{5312877E-EAC9-4404-8978-262D619904F7}.Release|ARM.Build.0 = Release|Any CPU
		{5312877E-EAC9-4404-8978-262D619904F7}.Release|x64.ActiveCfg = Release|Any CPU
		{5312877E-EAC9-4404-8978-262D619904F7}.Release|x64.Build.0 = Release|Any CPU
		{5312877E-EAC9-4404-8978-262D619904F7}.Release|x86.ActiveCfg = Release|Any CPU
		{5312877E-EAC9-4404-8978-262D619904F7}.Release|x86.Build.0 = Release|Any CPU
		{D8646AF4-1230-4360-91FD-FD73B22D16EB}.Debug|Any CPU.ActiveCfg = Debug|x86
		{D8646AF4-1230-4360-91FD-FD73B22D16EB}.Debug|Any CPU.Build.0 = Debug|x86
		{D8646AF4-1230-4360-91FD-FD73B22D16EB}.Debug|Any CPU.Deploy.0 = Debug|x86
		{D8646AF4-1230-4360-91FD-FD73B22D16EB}.Debug|ARM.ActiveCfg = Debug|ARM
		{D8646AF4-1230-4360-91FD-FD73B22D16EB}.Debug|ARM.Build.0 = Debug|ARM
		{D8646AF4-1230-4360-91FD-FD73B22D16EB}.Debug|ARM.Deploy.0 = Debug|ARM
		{D8646AF4-1230-4360-91FD-FD73B22D16EB}.Debug|x64.ActiveCfg = Debug|x64
		{D8646AF4-1230-4360-91FD-FD73B22D16EB}.Debug|x64.Build.0 = Debug|x64
		{D8646AF4-1230-4360-91FD-FD73B22D16EB}.Debug|x64.Deploy.0 = Debug|x64
		{D8646AF4-1230-4360-91FD-FD73B22D16EB}.Debug|x86.ActiveCfg = Debug|x86
		{D8646AF4-1230-4360-91FD-FD73B22D16EB}.Debug|x86.Build.0 = Debug|x86
		{D8646AF4-1230-4360-91FD-FD73B22D16EB}.Debug|x86.Deploy.0 = Debug|x86
		{D8646AF4-1230-4360-91FD-FD73B22D16EB}.Release|Any CPU.ActiveCfg = Release|x86
		{D8646AF4-1230-4360-91FD-FD73B22D16EB}.Release|Any CPU.Deploy.0 = Release|x86
		{D8646AF4-1230-4360-91FD-FD73B22D16EB}.Release|ARM.ActiveCfg = Release|ARM
		{D8646AF4-1230-4360-91FD-FD73B22D16EB}.Release|ARM.Build.0 = Release|ARM
		{D8646AF4-1230-4360-91FD-FD73B22D16EB}.Release|ARM.Deploy.0 = Release|ARM
		{D8646AF4-1230-4360-91FD-FD73B22D16EB}.Release|x64.ActiveCfg = Release|x64
		{D8646AF4-1230-4360-91FD-FD73B22D16EB}.Release|x64.Build.0 = Release|x64
		{D8646AF4-1230-4360-91FD-FD73B22D16EB}.Release|x64.Deploy.0 = Release|x64
		{D8646AF4-1230-4360-91FD-FD73B22D16EB}.Release|x86.ActiveCfg = Release|x86
		{D8646AF4-1230-4360-91FD-FD73B22D16EB}.Release|x86.Build.0 = Release|x86
		{D8646AF4-1230-4360-91FD-FD73B22D16EB}.Release|x86.Deploy.0 = Release|x86
		{3C480194-0B29-4B7C-94D4-EF4302A264A5}.Debug|Any CPU.ActiveCfg = Debug|Any CPU
		{3C480194-0B29-4B7C-94D4-EF4302A264A5}.Debug|Any CPU.Build.0 = Debug|Any CPU
		{3C480194-0B29-4B7C-94D4-EF4302A264A5}.Debug|ARM.ActiveCfg = Debug|Any CPU
		{3C480194-0B29-4B7C-94D4-EF4302A264A5}.Debug|ARM.Build.0 = Debug|Any CPU
		{3C480194-0B29-4B7C-94D4-EF4302A264A5}.Debug|x64.ActiveCfg = Debug|Any CPU
		{3C480194-0B29-4B7C-94D4-EF4302A264A5}.Debug|x64.Build.0 = Debug|Any CPU
		{3C480194-0B29-4B7C-94D4-EF4302A264A5}.Debug|x86.ActiveCfg = Debug|Any CPU
		{3C480194-0B29-4B7C-94D4-EF4302A264A5}.Debug|x86.Build.0 = Debug|Any CPU
		{3C480194-0B29-4B7C-94D4-EF4302A264A5}.Release|Any CPU.ActiveCfg = Release|Any CPU
		{3C480194-0B29-4B7C-94D4-EF4302A264A5}.Release|Any CPU.Build.0 = Release|Any CPU
		{3C480194-0B29-4B7C-94D4-EF4302A264A5}.Release|ARM.ActiveCfg = Release|Any CPU
		{3C480194-0B29-4B7C-94D4-EF4302A264A5}.Release|ARM.Build.0 = Release|Any CPU
		{3C480194-0B29-4B7C-94D4-EF4302A264A5}.Release|x64.ActiveCfg = Release|Any CPU
		{3C480194-0B29-4B7C-94D4-EF4302A264A5}.Release|x64.Build.0 = Release|Any CPU
		{3C480194-0B29-4B7C-94D4-EF4302A264A5}.Release|x86.ActiveCfg = Release|Any CPU
		{3C480194-0B29-4B7C-94D4-EF4302A264A5}.Release|x86.Build.0 = Release|Any CPU
		{A57990AE-8146-4B19-8C14-9CE8AD385781}.Debug|Any CPU.ActiveCfg = Debug|Any CPU
		{A57990AE-8146-4B19-8C14-9CE8AD385781}.Debug|Any CPU.Build.0 = Debug|Any CPU
		{A57990AE-8146-4B19-8C14-9CE8AD385781}.Debug|ARM.ActiveCfg = Debug|Any CPU
		{A57990AE-8146-4B19-8C14-9CE8AD385781}.Debug|ARM.Build.0 = Debug|Any CPU
		{A57990AE-8146-4B19-8C14-9CE8AD385781}.Debug|x64.ActiveCfg = Debug|Any CPU
		{A57990AE-8146-4B19-8C14-9CE8AD385781}.Debug|x64.Build.0 = Debug|Any CPU
		{A57990AE-8146-4B19-8C14-9CE8AD385781}.Debug|x86.ActiveCfg = Debug|Any CPU
		{A57990AE-8146-4B19-8C14-9CE8AD385781}.Debug|x86.Build.0 = Debug|Any CPU
		{A57990AE-8146-4B19-8C14-9CE8AD385781}.Release|Any CPU.ActiveCfg = Release|Any CPU
		{A57990AE-8146-4B19-8C14-9CE8AD385781}.Release|Any CPU.Build.0 = Release|Any CPU
		{A57990AE-8146-4B19-8C14-9CE8AD385781}.Release|ARM.ActiveCfg = Release|Any CPU
		{A57990AE-8146-4B19-8C14-9CE8AD385781}.Release|ARM.Build.0 = Release|Any CPU
		{A57990AE-8146-4B19-8C14-9CE8AD385781}.Release|x64.ActiveCfg = Release|Any CPU
		{A57990AE-8146-4B19-8C14-9CE8AD385781}.Release|x64.Build.0 = Release|Any CPU
		{A57990AE-8146-4B19-8C14-9CE8AD385781}.Release|x86.ActiveCfg = Release|Any CPU
		{A57990AE-8146-4B19-8C14-9CE8AD385781}.Release|x86.Build.0 = Release|Any CPU
	EndGlobalSection
	GlobalSection(SolutionProperties) = preSolution
		HideSolutionNode = FALSE
	EndGlobalSection
	GlobalSection(ExtensibilityGlobals) = postSolution
		SolutionGuid = {C97D3D59-470D-41D2-82AE-2BA4B2BCE98D}
	EndGlobalSection
EndGlobal
